# THIS IS AN AUTOGENERATED FILE. DO NOT EDIT THIS FILE DIRECTLY.
# yarn lockfile v1


hzz_reset.css@^1.0.0:
  version "1.0.0"
  resolved "https://registry.yarnpkg.com/hzz_reset.css/-/hzz_reset.css-1.0.0.tgz#7f3ec4a3410ebfade24d90c91b9e28ffc8be12e9"
  integrity sha512-cK+GyWJNH+pmEEx/r5h4JzG4XvphKysYjz2OlEcpzcYYrDp9jTH2F9LfdzOJp+qY+12dhafgpdsaxxmuOUoWRQ==

immutable@^4.1.0:
  version "4.1.0"
  resolved "https://registry.yarnpkg.com/immutable/-/immutable-4.1.0.tgz#f795787f0db780183307b9eb2091fcac1f6fafef"
  integrity sha512-oNkuqVTA8jqG1Q6c+UglTOD1xhC1BtjKI7XkCXRkZHrN5m18/XsnUp8Q89GkQO/z+0WjonSvl0FLhDYftp46nQ==

redux-immutable@^4.0.0:
  version "4.0.0"
  resolved "https://registry.yarnpkg.com/redux-immutable/-/redux-immutable-4.0.0.tgz#3a1a32df66366462b63691f0e1dc35e472bbc9f3"
  integrity sha512-SchSn/DWfGb3oAejd+1hhHx01xUoxY+V7TeK0BKqpkLKiQPVFf7DYzEaKmrEVxsWxielKfSK9/Xq66YyxgR1cg==
